
Microsoft Visual Studio Solution File, Format Version 12.00
# Visual Studio 2012
Project("{FAE04EC0-301F-11D3-BF4B-00C04F79EFBC}") = "TCPClient", "TCPClient\TCPClient.csproj", "{A52233A9-1417-477C-B4B1-E32FAA9CEFC0}"
EndProject
Project("{6141683F-8A12-4E36-9623-2EB02B2C2303}") = "Setup1", "Setup1\Setup1.isproj", "{2CC6E462-E996-4D26-B323-317A566EFE88}"
	ProjectSection(ProjectDependencies) = postProject
		{A52233A9-1417-477C-B4B1-E32FAA9CEFC0} = {A52233A9-1417-477C-B4B1-E32FAA9CEFC0}
	EndProjectSection
EndProject
Project("{6141683F-8A12-4E36-9623-2EB02B2C2303}") = "Setup2", "Setup2\Setup2.isproj", "{9B639124-0060-4267-84D0-A529C413C2EC}"
	ProjectSection(ProjectDependencies) = postProject
		{A52233A9-1417-477C-B4B1-E32FAA9CEFC0} = {A52233A9-1417-477C-B4B1-E32FAA9CEFC0}
	EndProjectSection
EndProject
Project("{6141683F-8A12-4E36-9623-2EB02B2C2303}") = "Setup3", "Setup3\Setup3.isproj", "{4FBD3538-E482-4C43-8033-6E52074E905D}"
	ProjectSection(ProjectDependencies) = postProject
		{A52233A9-1417-477C-B4B1-E32FAA9CEFC0} = {A52233A9-1417-477C-B4B1-E32FAA9CEFC0}
	EndProjectSection
EndProject
Project("{6141683F-8A12-4E36-9623-2EB02B2C2303}") = "Setup4", "Setup4\Setup4.isproj", "{08081088-4510-40C0-A765-9BCA8B625796}"
	ProjectSection(ProjectDependencies) = postProject
		{A52233A9-1417-477C-B4B1-E32FAA9CEFC0} = {A52233A9-1417-477C-B4B1-E32FAA9CEFC0}
	EndProjectSection
EndProject
Global
	GlobalSection(SolutionConfigurationPlatforms) = preSolution
		CD_ROM|Any CPU = CD_ROM|Any CPU
		Debug|Any CPU = Debug|Any CPU
		DVD-5|Any CPU = DVD-5|Any CPU
		Release|Any CPU = Release|Any CPU
		SingleImage|Any CPU = SingleImage|Any CPU
	EndGlobalSection
	GlobalSection(ProjectConfigurationPlatforms) = postSolution
		{A52233A9-1417-477C-B4B1-E32FAA9CEFC0}.CD_ROM|Any CPU.ActiveCfg = Release|Any CPU
		{A52233A9-1417-477C-B4B1-E32FAA9CEFC0}.CD_ROM|Any CPU.Build.0 = Release|Any CPU
		{A52233A9-1417-477C-B4B1-E32FAA9CEFC0}.Debug|Any CPU.ActiveCfg = Debug|Any CPU
		{A52233A9-1417-477C-B4B1-E32FAA9CEFC0}.Debug|Any CPU.Build.0 = Debug|Any CPU
		{A52233A9-1417-477C-B4B1-E32FAA9CEFC0}.DVD-5|Any CPU.ActiveCfg = Debug|Any CPU
		{A52233A9-1417-477C-B4B1-E32FAA9CEFC0}.DVD-5|Any CPU.Build.0 = Debug|Any CPU
		{A52233A9-1417-477C-B4B1-E32FAA9CEFC0}.Release|Any CPU.ActiveCfg = Release|Any CPU
		{A52233A9-1417-477C-B4B1-E32FAA9CEFC0}.Release|Any CPU.Build.0 = Release|Any CPU
		{A52233A9-1417-477C-B4B1-E32FAA9CEFC0}.SingleImage|Any CPU.ActiveCfg = Release|Any CPU
		{A52233A9-1417-477C-B4B1-E32FAA9CEFC0}.SingleImage|Any CPU.Build.0 = Release|Any CPU
		{2CC6E462-E996-4D26-B323-317A566EFE88}.CD_ROM|Any CPU.ActiveCfg = CD_ROM
		{2CC6E462-E996-4D26-B323-317A566EFE88}.CD_ROM|Any CPU.Build.0 = CD_ROM
		{2CC6E462-E996-4D26-B323-317A566EFE88}.Debug|Any CPU.ActiveCfg = DVD-5
		{2CC6E462-E996-4D26-B323-317A566EFE88}.Debug|Any CPU.Build.0 = DVD-5
		{2CC6E462-E996-4D26-B323-317A566EFE88}.DVD-5|Any CPU.ActiveCfg = DVD-5
		{2CC6E462-E996-4D26-B323-317A566EFE88}.DVD-5|Any CPU.Build.0 = DVD-5
		{2CC6E462-E996-4D26-B323-317A566EFE88}.Release|Any CPU.ActiveCfg = SingleImage
		{2CC6E462-E996-4D26-B323-317A566EFE88}.Release|Any CPU.Build.0 = SingleImage
		{2CC6E462-E996-4D26-B323-317A566EFE88}.SingleImage|Any CPU.ActiveCfg = SingleImage
		{2CC6E462-E996-4D26-B323-317A566EFE88}.SingleImage|Any CPU.Build.0 = SingleImage
		{9B639124-0060-4267-84D0-A529C413C2EC}.CD_ROM|Any CPU.ActiveCfg = CD_ROM
		{9B639124-0060-4267-84D0-A529C413C2EC}.CD_ROM|Any CPU.Build.0 = CD_ROM
		{9B639124-0060-4267-84D0-A529C413C2EC}.Debug|Any CPU.ActiveCfg = DVD-5
		{9B639124-0060-4267-84D0-A529C413C2EC}.Debug|Any CPU.Build.0 = DVD-5
		{9B639124-0060-4267-84D0-A529C413C2EC}.DVD-5|Any CPU.ActiveCfg = DVD-5
		{9B639124-0060-4267-84D0-A529C413C2EC}.DVD-5|Any CPU.Build.0 = DVD-5
		{9B639124-0060-4267-84D0-A529C413C2EC}.Release|Any CPU.ActiveCfg = SingleImage
		{9B639124-0060-4267-84D0-A529C413C2EC}.Release|Any CPU.Build.0 = SingleImage
		{9B639124-0060-4267-84D0-A529C413C2EC}.SingleImage|Any CPU.ActiveCfg = SingleImage
		{9B639124-0060-4267-84D0-A529C413C2EC}.SingleImage|Any CPU.Build.0 = SingleImage
		{4FBD3538-E482-4C43-8033-6E52074E905D}.CD_ROM|Any CPU.ActiveCfg = CD_ROM
		{4FBD3538-E482-4C43-8033-6E52074E905D}.CD_ROM|Any CPU.Build.0 = CD_ROM
		{4FBD3538-E482-4C43-8033-6E52074E905D}.Debug|Any CPU.ActiveCfg = DVD-5
		{4FBD3538-E482-4C43-8033-6E52074E905D}.Debug|Any CPU.Build.0 = DVD-5
		{4FBD3538-E482-4C43-8033-6E52074E905D}.DVD-5|Any CPU.ActiveCfg = DVD-5
		{4FBD3538-E482-4C43-8033-6E52074E905D}.DVD-5|Any CPU.Build.0 = DVD-5
		{4FBD3538-E482-4C43-8033-6E52074E905D}.Release|Any CPU.ActiveCfg = SingleImage
		{4FBD3538-E482-4C43-8033-6E52074E905D}.Release|Any CPU.Build.0 = SingleImage
		{4FBD3538-E482-4C43-8033-6E52074E905D}.SingleImage|Any CPU.ActiveCfg = SingleImage
		{4FBD3538-E482-4C43-8033-6E52074E905D}.SingleImage|Any CPU.Build.0 = SingleImage
		{08081088-4510-40C0-A765-9BCA8B625796}.CD_ROM|Any CPU.ActiveCfg = CD_ROM
		{08081088-4510-40C0-A765-9BCA8B625796}.CD_ROM|Any CPU.Build.0 = CD_ROM
		{08081088-4510-40C0-A765-9BCA8B625796}.Debug|Any CPU.ActiveCfg = DVD-5
		{08081088-4510-40C0-A765-9BCA8B625796}.Debug|Any CPU.Build.0 = DVD-5
		{08081088-4510-40C0-A765-9BCA8B625796}.DVD-5|Any CPU.ActiveCfg = DVD-5
		{08081088-4510-40C0-A765-9BCA8B625796}.DVD-5|Any CPU.Build.0 = DVD-5
		{08081088-4510-40C0-A765-9BCA8B625796}.Release|Any CPU.ActiveCfg = SingleImage
		{08081088-4510-40C0-A765-9BCA8B625796}.Release|Any CPU.Build.0 = SingleImage
		{08081088-4510-40C0-A765-9BCA8B625796}.SingleImage|Any CPU.ActiveCfg = SingleImage
		{08081088-4510-40C0-A765-9BCA8B625796}.SingleImage|Any CPU.Build.0 = SingleImage
	EndGlobalSection
	GlobalSection(SolutionProperties) = preSolution
		HideSolutionNode = FALSE
	EndGlobalSection
EndGlobal
